
Microsoft Visual Studio Solution File, Format Version 12.00
# Visual Studio Version 17
VisualStudioVersion = 17.12.35527.113
MinimumVisualStudioVersion = 10.0.40219.1
Project("{FAE04EC0-301F-11D3-BF4B-00C04F79EFBC}") = "Talabat", "Talabat\Talabat.csproj", "{62DD1618-EEC7-4473-9132-9CDF2659B8BA}"
EndProject
Project("{FAE04EC0-301F-11D3-BF4B-00C04F79EFBC}") = "Talabat.Core", "Talabat.Core\Talabat.Core.csproj", "{AAEBDE37-0A3F-4EA8-8566-0E9F2FBEED15}"
EndProject
Project("{FAE04EC0-301F-11D3-BF4B-00C04F79EFBC}") = "Talabat.Repository", "Talabat.Repository\Talabat.Repository.csproj", "{DC5E85B7-E361-46CE-B4D1-F01F5B13D3D0}"
EndProject
Project("{FAE04EC0-301F-11D3-BF4B-00C04F79EFBC}") = "Talabat.Service", "Talabat.Service\Talabat.Service.csproj", "{72C4E65F-EE94-4CB6-BC79-323AFFA98EF6}"
EndProject
Project("{FAE04EC0-301F-11D3-BF4B-00C04F79EFBC}") = "Talabat.Test", "Talabat.Test\Talabat.Test.csproj", "{67E115B8-F598-40B7-8268-9ED9FBABBA71}"
EndProject
Global
	GlobalSection(SolutionConfigurationPlatforms) = preSolution
		Debug|Any CPU = Debug|Any CPU
		Release|Any CPU = Release|Any CPU
	EndGlobalSection
	GlobalSection(ProjectConfigurationPlatforms) = postSolution
		{62DD1618-EEC7-4473-9132-9CDF2659B8BA}.Debug|Any CPU.ActiveCfg = Debug|Any CPU
		{62DD1618-EEC7-4473-9132-9CDF2659B8BA}.Debug|Any CPU.Build.0 = Debug|Any CPU
		{62DD1618-EEC7-4473-9132-9CDF2659B8BA}.Release|Any CPU.ActiveCfg = Release|Any CPU
		{62DD1618-EEC7-4473-9132-9CDF2659B8BA}.Release|Any CPU.Build.0 = Release|Any CPU
		{AAEBDE37-0A3F-4EA8-8566-0E9F2FBEED15}.Debug|Any CPU.ActiveCfg = Debug|Any CPU
		{AAEBDE37-0A3F-4EA8-8566-0E9F2FBEED15}.Debug|Any CPU.Build.0 = Debug|Any CPU
		{AAEBDE37-0A3F-4EA8-8566-0E9F2FBEED15}.Release|Any CPU.ActiveCfg = Release|Any CPU
		{AAEBDE37-0A3F-4EA8-8566-0E9F2FBEED15}.Release|Any CPU.Build.0 = Release|Any CPU
		{DC5E85B7-E361-46CE-B4D1-F01F5B13D3D0}.Debug|Any CPU.ActiveCfg = Debug|Any CPU
		{DC5E85B7-E361-46CE-B4D1-F01F5B13D3D0}.Debug|Any CPU.Build.0 = Debug|Any CPU
		{DC5E85B7-E361-46CE-B4D1-F01F5B13D3D0}.Release|Any CPU.ActiveCfg = Release|Any CPU
		{DC5E85B7-E361-46CE-B4D1-F01F5B13D3D0}.Release|Any CPU.Build.0 = Release|Any CPU
		{72C4E65F-EE94-4CB6-BC79-323AFFA98EF6}.Debug|Any CPU.ActiveCfg = Debug|Any CPU
		{72C4E65F-EE94-4CB6-BC79-323AFFA98EF6}.Debug|Any CPU.Build.0 = Debug|Any CPU
		{72C4E65F-EE94-4CB6-BC79-323AFFA98EF6}.Release|Any CPU.ActiveCfg = Release|Any CPU
		{72C4E65F-EE94-4CB6-BC79-323AFFA98EF6}.Release|Any CPU.Build.0 = Release|Any CPU
		{67E115B8-F598-40B7-8268-9ED9FBABBA71}.Debug|Any CPU.ActiveCfg = Debug|Any CPU
		{67E115B8-F598-40B7-8268-9ED9FBABBA71}.Debug|Any CPU.Build.0 = Debug|Any CPU
		{67E115B8-F598-40B7-8268-9ED9FBABBA71}.Release|Any CPU.ActiveCfg = Release|Any CPU
		{67E115B8-F598-40B7-8268-9ED9FBABBA71}.Release|Any CPU.Build.0 = Release|Any CPU
	EndGlobalSection
	GlobalSection(SolutionProperties) = preSolution
		HideSolutionNode = FALSE
	EndGlobalSection
	GlobalSection(ExtensibilityGlobals) = postSolution
		SolutionGuid = {1F7D6E1B-A9C7-4ED7-9FBF-5B8C381F0351}
	EndGlobalSection
EndGlobal
